
Microsoft Visual Studio Solution File, Format Version 12.00
# Visual Studio Version 17
VisualStudioVersion = 17.8.34330.188
MinimumVisualStudioVersion = 10.0.40219.1
Project("{FAE04EC0-301F-11D3-BF4B-00C04F79EFBC}") = "ValyutaCompressorBot", "ValyutaCompressorBot.csproj", "{08A48E8A-BD29-4F23-B905-A8FF4FEB4023}"
EndProject
Global
	GlobalSection(SolutionConfigurationPlatforms) = preSolution
		Debug|Any CPU = Debug|Any CPU
		Release|Any CPU = Release|Any CPU
	EndGlobalSection
	GlobalSection(ProjectConfigurationPlatforms) = postSolution
		{08A48E8A-BD29-4F23-B905-A8FF4FEB4023}.Debug|Any CPU.ActiveCfg = Debug|Any CPU
		{08A48E8A-BD29-4F23-B905-A8FF4FEB4023}.Debug|Any CPU.Build.0 = Debug|Any CPU
		{08A48E8A-BD29-4F23-B905-A8FF4FEB4023}.Release|Any CPU.ActiveCfg = Release|Any CPU
		{08A48E8A-BD29-4F23-B905-A8FF4FEB4023}.Release|Any CPU.Build.0 = Release|Any CPU
	EndGlobalSection
	GlobalSection(SolutionProperties) = preSolution
		HideSolutionNode = FALSE
	EndGlobalSection
	GlobalSection(ExtensibilityGlobals) = postSolution
		SolutionGuid = {9681BDD8-48C1-4AC1-B97A-8B92E0F2E2AD}
	EndGlobalSection
EndGlobal
